
Microsoft Visual Studio Solution File, Format Version 12.00
# Visual Studio Version 17
VisualStudioVersion = 17.9.34728.123
MinimumVisualStudioVersion = 10.0.40219.1
Project("{FAE04EC0-301F-11D3-BF4B-00C04F79EFBC}") = "PresidenteDaRepublicaMSX", "PresidenteDaRepublicaMSX.csproj", "{59ADB7BF-43F8-43BD-B7DE-612175B50E2E}"
EndProject
Project("{2150E333-8FDC-42A3-9474-1A3956D46DE8}") = "MSX Code", "MSX Code", "{4CF7755E-7CB6-48F8-9BE4-83EC8A0C788C}"
	ProjectSection(SolutionItems) = preProject
		President.bas = President.bas
	EndProjectSection
EndProject
Global
	GlobalSection(SolutionConfigurationPlatforms) = preSolution
		Debug|Any CPU = Debug|Any CPU
		Release|Any CPU = Release|Any CPU
	EndGlobalSection
	GlobalSection(ProjectConfigurationPlatforms) = postSolution
		{59ADB7BF-43F8-43BD-B7DE-612175B50E2E}.Debug|Any CPU.ActiveCfg = Debug|Any CPU
		{59ADB7BF-43F8-43BD-B7DE-612175B50E2E}.Debug|Any CPU.Build.0 = Debug|Any CPU
		{59ADB7BF-43F8-43BD-B7DE-612175B50E2E}.Release|Any CPU.ActiveCfg = Release|Any CPU
		{59ADB7BF-43F8-43BD-B7DE-612175B50E2E}.Release|Any CPU.Build.0 = Release|Any CPU
	EndGlobalSection
	GlobalSection(SolutionProperties) = preSolution
		HideSolutionNode = FALSE
	EndGlobalSection
	GlobalSection(ExtensibilityGlobals) = postSolution
		SolutionGuid = {54B8B3C7-D9C2-4484-84D4-E4609234FEE2}
	EndGlobalSection
EndGlobal
